{
  "lockfileVersion": 2,
  "configVersion": 0,
  "workspaces": {
    "": {
      "name": "fast-movie-backend",
      "dependencies": {
        "@prisma/client": "^5.22.0",
        "bun": "^1.4.2",
        "hono": "^4.6.0",
        "jose": "^5.9.0",
      },
      "devDependencies": {
        "@types/npm": "latest",
        "prisma": "^5.22.0",
      },
    },
  },
  "packages": {
    "@oven/bun-darwin-aarch64": ["@oven/bun-darwin-aarch64@1.4.2", "", { "os": "darwin", "cpu": "arm64" }, "sha512-MXdZkP1featqxZ+/VTXWG1BVjM4OGBehVY2Q88EeUj/7L0UMeCGItmyPYTN+wxvlGJ6F66JEtzsw+GvQWewnag=="],

    "@oven/bun-darwin-x64": ["@oven/bun-darwin-x64@1.4.2", "", { "os": "darwin", "cpu": "x64" }, "sha512-gZTxZuLjkUhAWjTETu3tw0WhsEdNkJ64daj60ybhPf835a2yollV3yTkK9JozvzKPx4TRFzLSl8C+U525pxVbw=="],

    "@oven/bun-freebsd-aarch64": ["@oven/bun-freebsd-aarch64@1.4.2", "", { "os": "freebsd", "cpu": "arm64" }, "sha512-SMNItMw1Z8QeeQVKnw8jA7xQNkeXdP+OPgin4Wi/QTx/B8RHHLnuZfqmFy7NtVeT2NF0kKYppW4WWd2CCYZjhQ=="],

    "@oven/bun-freebsd-x64": ["@oven/bun-freebsd-x64@1.4.2", "", { "os": "freebsd", "cpu": "x64" }, "sha512-THbPKXhO54N0DpFRKZNDZpQ7dpbX0bWASuARckAUS9wRtFIHsiY+uULXJvxJGo2YD1YewvXQ4G8Fj7XT5oBCiw=="],

    "@oven/bun-linux-aarch64": ["@oven/bun-linux-aarch64@1.4.2", "", { "os": "linux", "cpu": "arm64" }, "sha512-3BBP9ovJ2RGHFH6Ae1CAtxNtG1+YY6GD6rmYbsUosoAk9+OEl6zeDQ/k4fBkc6dYOJCtWnx8hUxzNzQATSmvYQ=="],

    "@oven/bun-linux-aarch64-android": ["@oven/bun-linux-aarch64-android@1.4.2", "", { "os": "android", "cpu": "arm64" }, "sha512-3mZKO2rhsNgbAUtAHC1UKUlF2zTxFraDZT/Elv8wzyH0fJL9h+Iv3TgB9lO63w89PRn3eFe+NRA1bhVgikKNPQ=="],

    "@oven/bun-linux-aarch64-musl": ["@oven/bun-linux-aarch64-musl@1.4.2", "", { "os": "linux", "cpu": "arm64" }, "sha512-+Sm6y+lSiSFBOtXmnekp5Q6n1tUKlyv71FCPWBc61Cgb14T5eBs8SN/nh4MUCOKzONkI3O+as3MGUgikS4aCBQ=="],

    "@oven/bun-linux-x64": ["@oven/bun-linux-x64@1.4.2", "", { "os": "linux", "cpu": "x64" }, "sha512-9/E/UXOTpSo3YsV5g+FhtTd/qTpiWoKuxS12cqtuYA1ssu9fRAoPQnipFgGyck3tWO63iUdxBiygq+kELFawng=="],

    "@oven/bun-linux-x64-android": ["@oven/bun-linux-x64-android@1.4.2", "", { "os": "android", "cpu": "x64" }, "sha512-6HC5tzcC79113n2IHCTJMWv+HsQImv4ZFEK2XpYLxY6HbT8tM4cUM2Zv1bHZBQsS3jv/zYBamDJ1UX7If0d5tw=="],

    "@oven/bun-linux-x64-musl": ["@oven/bun-linux-x64-musl@1.4.2", "", { "os": "linux", "cpu": "x64" }, "sha512-vVTKUg1bnPhRP/Hp73jIVoFh2vPFNYEqYX0ERKfZBOQEEHitNAeukZzzuUDZS0SoDCIpuWUGSpd/CDMbjdR+Uw=="],

    "@oven/bun-windows-aarch64": ["@oven/bun-windows-aarch64@1.4.2", "", { "os": "win32", "cpu": "arm64" }, "sha512-8EJ1ST7339WJE3poPW5nBgVW/lWf9HBz4W27ZUNhburKmcBLOByPyE6DP9fHD8FQGm5c+ilUN2hX1mrW0jxq9Q=="],

    "@oven/bun-windows-x64": ["@oven/bun-windows-x64@1.4.2", "", { "os": "win32", "cpu": "x64" }, "sha512-+bN6OuVld/9diT/RLSXSW7JE6CvNE3gL9XsAEjULi1nUsXd6DNO6GuA9jNdNb3r8PdJFnYHr5aypNV1Oj3Rd9g=="],

    "@prisma/client": ["@prisma/client@5.22.0", "", { "peerDependencies": { "prisma": "*" }, "optionalPeers": ["prisma"] }, "sha512-M0SVXfyHnQREBKxCgyo7sffrKttwE6R8PMq330MIUF0pTwjUhLbW84pFDlf06B27XyCR++VtjugEnIHdr07SVA=="],

    "@prisma/debug": ["@prisma/debug@5.22.0", "", {}, "sha512-AUt44v3YJeggO2ZU5BkXI7M4hu9BF2zzH2iF2V5pyXT/lRTyWiElZ7It+bRH1EshoMRxHgpYg4VB6rCM+mG5jQ=="],

    "@prisma/engines": ["@prisma/engines@5.22.0", "", { "dependencies": { "@prisma/debug": "5.22.0", "@prisma/engines-version": "5.22.0-44.605197351a3c8bdd595af2d2a9bc3025bca48ea2", "@prisma/fetch-engine": "5.22.0", "@prisma/get-platform": "5.22.0" } }, "sha512-UNjfslWhAt06kVL3CjkuYpHAWSO6L4kDCVPegV6itt7nD1kSJavd3vhgAEhjglLJJKEdJ7oIqDJ+yHk6qO8gPA=="],

    "@prisma/engines-version": ["@prisma/engines-version@5.22.0-44.605197351a3c8bdd595af2d2a9bc3025bca48ea2", "", {}, "sha512-2PTmxFR2yHW/eB3uqWtcgRcgAbG1rwG9ZriSvQw+nnb7c4uCr3RAcGMb6/zfE88SKlC1Nj2ziUvc96Z379mHgQ=="],

    "@prisma/fetch-engine": ["@prisma/fetch-engine@5.22.0", "", { "dependencies": { "@prisma/debug": "5.22.0", "@prisma/engines-version": "5.22.0-44.605197351a3c8bdd595af2d2a9bc3025bca48ea2", "@prisma/get-platform": "5.22.0" } }, "sha512-bkrD/Mc2fSvkQBV5EpoFcZ87AvOgDxbG99488a5cexp5Ccny+UM6MAe/UFkUC0wLYD9+9befNOqGiIJhhq+HbA=="],

    "@prisma/get-platform": ["@prisma/get-platform@5.22.0", "", { "dependencies": { "@prisma/debug": "5.22.0" } }, "sha512-pHhpQdr1UPFpt+zFfnPazhulaZYCUqeIcPpJViYoq9R+D/yw4fjE+CtnsnKzPYm0ddUbeXUzjGVGIRVgPDCk4Q=="],

    "@types/node": ["@types/node@26.6.3", "", { "dependencies": { "undici-types": "~8.9.0" } }, "sha512-dsqMQQoeTLqu9wynDD00q573mNzso3IdQOAfHRJqLCcmCFPoGo9A1bDpUcv/9tnKpErQWv9uKeGfl37EIS02Yg=="],

    "@types/npm": ["@types/npm@7.19.3", "", { "dependencies": { "@types/node": "*" } }, "sha512-1fiJlMN0iDs42kFJZJX88SVUppp5zNQik0JVnI3mw28+vssBAz3TAvmhrPpupj1rBESV6bGYjEny30fu4Kst9g=="],

    "bun": ["bun@1.4.2", "", { "optionalDependencies": { "@oven/bun-darwin-aarch64": "1.4.2", "@oven/bun-darwin-x64": "1.4.2", "@oven/bun-freebsd-aarch64": "1.4.2", "@oven/bun-freebsd-x64": "1.4.2", "@oven/bun-linux-aarch64": "1.4.2", "@oven/bun-linux-aarch64-android": "1.4.2", "@oven/bun-linux-aarch64-musl": "1.4.2", "@oven/bun-linux-x64": "1.4.2", "@oven/bun-linux-x64-android": "1.4.2", "@oven/bun-linux-x64-musl": "1.4.2", "@oven/bun-windows-aarch64": "1.4.2", "@oven/bun-windows-x64": "1.4.2" }, "os": [ "!aix", "!sunos", "!openbsd", ], "cpu": [ "x64", "arm64", ], "bin": { "bun": "bin/bun.exe", "bunx": "bin/bunx.exe" } }, "sha512-TrSXo6HJfIEaczpb3kjX82I2pL47vK1QUNmHRCUdz9IzaOwa9lzOXSWwu2l18YHE3sNfGRapVLd4nNm+22vVVA=="],

    "fsevents": ["fsevents@2.3.3", "", { "os": "darwin" }, "sha512-5xoDfX+fL7faATnagmWPpbFtwh/R77WmMMqqHGS65C3vvB0YHrgF+B1YmZ3441tMj5n63k0212XNoJwzlhffQw=="],

    "hono": ["hono@4.13.9", "", {}, "sha512-7dMkQmZoC4E6F7AtaQSPhlWAdnBti+j7rreMZl8QB4jFiEhP9TWbGWUMi8WYzBCgmgulxuvLQupKqo+Co6Omyg=="],

    "jose": ["jose@5.10.0", "", {}, "sha512-s+3Al/p9g32Iq+oqXxkW//7jk2Vig6FF1CFqzVXoTUXt2qz89YWbL+OwS17NFYEvxC35n0FKeGO2LGYSxeM2Gg=="],

    "prisma": ["prisma@5.22.0", "", { "dependencies": { "@prisma/engines": "5.22.0" }, "optionalDependencies": { "fsevents": "2.3.3" }, "bin": "build/index.js" }, "sha512-vtpjW3XuYCSnMsNVBjLMNkTj6OZbudcPPTPYHqX0CJfpcdWciI1dM8uHETwmDxxiqEwCIE6WvXucWUetJgfu/A=="],

    "undici-types": ["undici-types@8.9.0", "", {}, "sha512-KTDyRTYX8sWmKXAikPHHSyc63CRPETMctyjKFupcC6OBLXT3xsN0e9aF7m+mIXutFWpUXuedtowG7iLOzp0kQg=="],
  }
}
