{
  "name": "fast-movie-backend",
  "version": "1.0.0",
  "lockfileVersion": 3,
  "requires": true,
  "packages": {
    "": {
      "name": "fast-movie-backend",
      "version": "1.0.0",
      "dependencies": {
        "bun": "^1.4.2",
        "eventsource-parser": "^4.1.1",
        "hono": "^4.6.0",
        "jose": "^5.9.0",
        "postgres": "^3.4.9",
        "qrcode": "^1.5.4"
      },
      "devDependencies": {
        "@types/npm": "latest"
      }
    },
    "node_modules/@oven/bun-darwin-aarch64": {
      "version": "1.4.2",
      "resolved": "https://registry.npmjs.org/@oven/bun-darwin-aarch64/-/bun-darwin-aarch64-1.4.2.tgz",
      "integrity": "sha512-MXdZkP1featqxZ+/VTXWG1BVjM4OGBehVY2Q88EeUj/7L0UMeCGItmyPYTN+wxvlGJ6F66JEtzsw+GvQWewnag==",
      "cpu": [
        "arm64"
      ],
      "license": "MIT",
      "optional": true,
      "os": [
        "darwin"
      ]
    },
    "node_modules/@oven/bun-darwin-x64": {
      "version": "1.4.2",
      "resolved": "https://registry.npmjs.org/@oven/bun-darwin-x64/-/bun-darwin-x64-1.4.2.tgz",
      "integrity": "sha512-gZTxZuLjkUhAWjTETu3tw0WhsEdNkJ64daj60ybhPf835a2yollV3yTkK9JozvzKPx4TRFzLSl8C+U525pxVbw==",
      "cpu": [
        "x64"
      ],
      "license": "MIT",
      "optional": true,
      "os": [
        "darwin"
      ]
    },
    "node_modules/@oven/bun-freebsd-aarch64": {
      "version": "1.4.2",
      "resolved": "https://registry.npmjs.org/@oven/bun-freebsd-aarch64/-/bun-freebsd-aarch64-1.4.2.tgz",
      "integrity": "sha512-SMNItMw1Z8QeeQVKnw8jA7xQNkeXdP+OPgin4Wi/QTx/B8RHHLnuZfqmFy7NtVeT2NF0kKYppW4WWd2CCYZjhQ==",
      "cpu": [
        "arm64"
      ],
      "license": "MIT",
      "optional": true,
      "os": [
        "freebsd"
      ]
    },
    "node_modules/@oven/bun-freebsd-x64": {
      "version": "1.4.2",
      "resolved": "https://registry.npmjs.org/@oven/bun-freebsd-x64/-/bun-freebsd-x64-1.4.2.tgz",
      "integrity": "sha512-THbPKXhO54N0DpFRKZNDZpQ7dpbX0bWASuARckAUS9wRtFIHsiY+uULXJvxJGo2YD1YewvXQ4G8Fj7XT5oBCiw==",
      "cpu": [
        "x64"
      ],
      "license": "MIT",
      "optional": true,
      "os": [
        "freebsd"
      ]
    },
    "node_modules/@oven/bun-linux-aarch64": {
      "version": "1.4.2",
      "resolved": "https://registry.npmjs.org/@oven/bun-linux-aarch64/-/bun-linux-aarch64-1.4.2.tgz",
      "integrity": "sha512-3BBP9ovJ2RGHFH6Ae1CAtxNtG1+YY6GD6rmYbsUosoAk9+OEl6zeDQ/k4fBkc6dYOJCtWnx8hUxzNzQATSmvYQ==",
      "cpu": [
        "arm64"
      ],
      "libc": [
        "glibc"
      ],
      "license": "MIT",
      "optional": true,
      "os": [
        "linux"
      ]
    },
    "node_modules/@oven/bun-linux-aarch64-android": {
      "version": "1.4.2",
      "resolved": "https://registry.npmjs.org/@oven/bun-linux-aarch64-android/-/bun-linux-aarch64-android-1.4.2.tgz",
      "integrity": "sha512-3mZKO2rhsNgbAUtAHC1UKUlF2zTxFraDZT/Elv8wzyH0fJL9h+Iv3TgB9lO63w89PRn3eFe+NRA1bhVgikKNPQ==",
      "cpu": [
        "arm64"
      ],
      "license": "MIT",
      "optional": true,
      "os": [
        "android"
      ]
    },
    "node_modules/@oven/bun-linux-aarch64-musl": {
      "version": "1.4.2",
      "resolved": "https://registry.npmjs.org/@oven/bun-linux-aarch64-musl/-/bun-linux-aarch64-musl-1.4.2.tgz",
      "integrity": "sha512-+Sm6y+lSiSFBOtXmnekp5Q6n1tUKlyv71FCPWBc61Cgb14T5eBs8SN/nh4MUCOKzONkI3O+as3MGUgikS4aCBQ==",
      "cpu": [
        "arm64"
      ],
      "libc": [
        "musl"
      ],
      "license": "MIT",
      "optional": true,
      "os": [
        "linux"
      ]
    },
    "node_modules/@oven/bun-linux-x64": {
      "version": "1.4.2",
      "resolved": "https://registry.npmjs.org/@oven/bun-linux-x64/-/bun-linux-x64-1.4.2.tgz",
      "integrity": "sha512-9/E/UXOTpSo3YsV5g+FhtTd/qTpiWoKuxS12cqtuYA1ssu9fRAoPQnipFgGyck3tWO63iUdxBiygq+kELFawng==",
      "cpu": [
        "x64"
      ],
      "libc": [
        "glibc"
      ],
      "license": "MIT",
      "optional": true,
      "os": [
        "linux"
      ]
    },
    "node_modules/@oven/bun-linux-x64-android": {
      "version": "1.4.2",
      "resolved": "https://registry.npmjs.org/@oven/bun-linux-x64-android/-/bun-linux-x64-android-1.4.2.tgz",
      "integrity": "sha512-6HC5tzcC79113n2IHCTJMWv+HsQImv4ZFEK2XpYLxY6HbT8tM4cUM2Zv1bHZBQsS3jv/zYBamDJ1UX7If0d5tw==",
      "cpu": [
        "x64"
      ],
      "license": "MIT",
      "optional": true,
      "os": [
        "android"
      ]
    },
    "node_modules/@oven/bun-linux-x64-musl": {
      "version": "1.4.2",
      "resolved": "https://registry.npmjs.org/@oven/bun-linux-x64-musl/-/bun-linux-x64-musl-1.4.2.tgz",
      "integrity": "sha512-vVTKUg1bnPhRP/Hp73jIVoFh2vPFNYEqYX0ERKfZBOQEEHitNAeukZzzuUDZS0SoDCIpuWUGSpd/CDMbjdR+Uw==",
      "cpu": [
        "x64"
      ],
      "libc": [
        "musl"
      ],
      "license": "MIT",
      "optional": true,
      "os": [
        "linux"
      ]
    },
    "node_modules/@oven/bun-windows-aarch64": {
      "version": "1.4.2",
      "resolved": "https://registry.npmjs.org/@oven/bun-windows-aarch64/-/bun-windows-aarch64-1.4.2.tgz",
      "integrity": "sha512-8EJ1ST7339WJE3poPW5nBgVW/lWf9HBz4W27ZUNhburKmcBLOByPyE6DP9fHD8FQGm5c+ilUN2hX1mrW0jxq9Q==",
      "cpu": [
        "arm64"
      ],
      "license": "MIT",
      "optional": true,
      "os": [
        "win32"
      ]
    },
    "node_modules/@oven/bun-windows-x64": {
      "version": "1.4.2",
      "resolved": "https://registry.npmjs.org/@oven/bun-windows-x64/-/bun-windows-x64-1.4.2.tgz",
      "integrity": "sha512-+bN6OuVld/9diT/RLSXSW7JE6CvNE3gL9XsAEjULi1nUsXd6DNO6GuA9jNdNb3r8PdJFnYHr5aypNV1Oj3Rd9g==",
      "cpu": [
        "x64"
      ],
      "license": "MIT",
      "optional": true,
      "os": [
        "win32"
      ]
    },
    "node_modules/@types/node": {
      "version": "26.6.3",
      "resolved": "https://registry.npmjs.org/@types/node/-/node-26.6.3.tgz",
      "integrity": "sha512-dsqMQQoeTLqu9wynDD00q573mNzso3IdQOAfHRJqLCcmCFPoGo9A1bDpUcv/9tnKpErQWv9uKeGfl37EIS02Yg==",
      "dev": true,
      "license": "MIT",
      "dependencies": {
        "undici-types": "~8.9.0"
      }
    },
    "node_modules/@types/npm": {
      "version": "7.19.3",
      "resolved": "https://registry.npmjs.org/@types/npm/-/npm-7.19.3.tgz",
      "integrity": "sha512-1fiJlMN0iDs42kFJZJX88SVUppp5zNQik0JVnI3mw28+vssBAz3TAvmhrPpupj1rBESV6bGYjEny30fu4Kst9g==",
      "dev": true,
      "license": "MIT",
      "dependencies": {
        "@types/node": "*"
      }
    },
    "node_modules/ansi-regex": {
      "version": "5.0.1",
      "resolved": "https://registry.npmjs.org/ansi-regex/-/ansi-regex-5.0.1.tgz",
      "integrity": "sha512-quJQXlTSUGL2LH9SUXo8VwsY4soanhgo6LNSm84E1LBcE8s3O0wpdiRzyR9z/ZZJMlMWv37qOOb9pdJlMUEKFQ==",
      "license": "MIT",
      "engines": {
        "node": ">=8"
      }
    },
    "node_modules/ansi-styles": {
      "version": "4.3.0",
      "resolved": "https://registry.npmjs.org/ansi-styles/-/ansi-styles-4.3.0.tgz",
      "integrity": "sha512-zbB9rCJAT1rbjiVDb2hqKFHNYLxgtk8NURxZ3IZwD3F6NtxbXZQCnnSi1Lkx+IDohdPlFp222wVALIheZJQSEg==",
      "license": "MIT",
      "dependencies": {
        "color-convert": "^2.0.1"
      },
      "engines": {
        "node": ">=8"
      },
      "funding": {
        "url": "https://github.com/chalk/ansi-styles?sponsor=1"
      }
    },
    "node_modules/bun": {
      "version": "1.4.2",
      "resolved": "https://registry.npmjs.org/bun/-/bun-1.4.2.tgz",
      "integrity": "sha512-TrSXo6HJfIEaczpb3kjX82I2pL47vK1QUNmHRCUdz9IzaOwa9lzOXSWwu2l18YHE3sNfGRapVLd4nNm+22vVVA==",
      "cpu": [
        "arm64",
        "x64"
      ],
      "hasInstallScript": true,
      "license": "MIT",
      "os": [
        "darwin",
        "linux",
        "android",
        "freebsd",
        "win32"
      ],
      "bin": {
        "bun": "bin/bun.exe",
        "bunx": "bin/bunx.exe"
      },
      "optionalDependencies": {
        "@oven/bun-darwin-aarch64": "1.4.2",
        "@oven/bun-darwin-x64": "1.4.2",
        "@oven/bun-freebsd-aarch64": "1.4.2",
        "@oven/bun-freebsd-x64": "1.4.2",
        "@oven/bun-linux-aarch64": "1.4.2",
        "@oven/bun-linux-aarch64-android": "1.4.2",
        "@oven/bun-linux-aarch64-musl": "1.4.2",
        "@oven/bun-linux-x64": "1.4.2",
        "@oven/bun-linux-x64-android": "1.4.2",
        "@oven/bun-linux-x64-musl": "1.4.2",
        "@oven/bun-windows-aarch64": "1.4.2",
        "@oven/bun-windows-x64": "1.4.2"
      }
    },
    "node_modules/camelcase": {
      "version": "5.3.1",
      "resolved": "https://registry.npmjs.org/camelcase/-/camelcase-5.3.1.tgz",
      "integrity": "sha512-L28STB170nwWS63UjtlEOE3dldQApaJXZkOI1uMFfzf3rRuPegHaHesyee+YxQ+W6SvRDQV6UrdOdRiR153wJg==",
      "license": "MIT",
      "engines": {
        "node": ">=6"
      }
    },
    "node_modules/cliui": {
      "version": "6.0.0",
      "resolved": "https://registry.npmjs.org/cliui/-/cliui-6.0.0.tgz",
      "integrity": "sha512-t6wbgtoCXvAzst7QgXxJYqPt0usEfbgQdftEPbLL/cvv6HPE5VgvqCuAIDR0NgU52ds6rFwqrgakNLrHEjCbrQ==",
      "license": "ISC",
      "dependencies": {
        "string-width": "^4.2.0",
        "strip-ansi": "^6.0.0",
        "wrap-ansi": "^6.2.0"
      }
    },
    "node_modules/color-convert": {
      "version": "2.0.1",
      "resolved": "https://registry.npmjs.org/color-convert/-/color-convert-2.0.1.tgz",
      "integrity": "sha512-RRECPsj7iu/xb5oKYcsFHSppFNnsj/52OVTRKb4zP5onXwVF3zVmmToNcOfGC+CRDpfK/U584fMg38ZHCaElKQ==",
      "license": "MIT",
      "dependencies": {
        "color-name": "~1.1.4"
      },
      "engines": {
        "node": ">=7.0.0"
      }
    },
    "node_modules/color-name": {
      "version": "1.1.4",
      "resolved": "https://registry.npmjs.org/color-name/-/color-name-1.1.4.tgz",
      "integrity": "sha512-dOy+3AuW3a2wNbZHIuMZpTcgjGuLU/uBL/ubcZF9OXbDo8ff4O8yVp5Bf0efS8uEoYo5q4Fx7dY9OgQGXgAsQA==",
      "license": "MIT"
    },
    "node_modules/decamelize": {
      "version": "1.2.0",
      "resolved": "https://registry.npmjs.org/decamelize/-/decamelize-1.2.0.tgz",
      "integrity": "sha512-z2S+W9X73hAUUki+N+9Za2lBlun89zigOyGrsax+KUQ6wKW4ZoWpEYBkGhQjwAjjDCkWxhY0VKEhk8wzY7F5cA==",
      "license": "MIT",
      "engines": {
        "node": ">=0.10.0"
      }
    },
    "node_modules/dijkstrajs": {
      "version": "1.0.3",
      "resolved": "https://registry.npmjs.org/dijkstrajs/-/dijkstrajs-1.0.3.tgz",
      "integrity": "sha512-qiSlmBq9+BCdCA/L46dw8Uy93mloxsPSbwnm5yrKn2vMPiy8KyAskTF6zuV/j5BMsmOGZDPs7KjU+mjb670kfA==",
      "license": "MIT"
    },
    "node_modules/emoji-regex": {
      "version": "8.0.0",
      "resolved": "https://registry.npmjs.org/emoji-regex/-/emoji-regex-8.0.0.tgz",
      "integrity": "sha512-MSjYzcWNOA0ewAHpz0MxpYFvwg6yjy1NG3xteoqz644VCo/RPgnr1/GGt+ic3iJTzQ8Eu3TdM14SawnVUmGE6A==",
      "license": "MIT"
    },
    "node_modules/eventsource-parser": {
      "version": "4.1.1",
      "resolved": "https://registry.npmjs.org/eventsource-parser/-/eventsource-parser-4.1.1.tgz",
      "integrity": "sha512-zaWNqeSLeyzEAAt2Q6aDBRDRk/VnPmsKqvToyGvv6aahvLv71A4Jw7jG93Hckf11zXurbqgsffvpSgKPoeU1Qw==",
      "license": "MIT",
      "engines": {
        "node": ">=22.12"
      }
    },
    "node_modules/find-up": {
      "version": "4.1.0",
      "resolved": "https://registry.npmjs.org/find-up/-/find-up-4.1.0.tgz",
      "integrity": "sha512-PpOwAdQ/YlXQ2vj8a3h8IipDuYRi3wceVQQGYWxNINccq40Anw7BlsEXCMbt1Zt+OLA6Fq9suIpIWD0OsnISlw==",
      "license": "MIT",
      "dependencies": {
        "locate-path": "^5.0.0",
        "path-exists": "^4.0.0"
      },
      "engines": {
        "node": ">=8"
      }
    },
    "node_modules/get-caller-file": {
      "version": "2.0.5",
      "resolved": "https://registry.npmjs.org/get-caller-file/-/get-caller-file-2.0.5.tgz",
      "integrity": "sha512-DyFP3BM/3YHTQOCUL/w0OZHR0lpKeGrxotcHWcqNEdnltqFwXVfhEBQ94eIo34AfQpo0rGki4cyIiftY06h2Fg==",
      "license": "ISC",
      "engines": {
        "node": "6.* || 8.* || >= 10.*"
      }
    },
    "node_modules/hono": {
      "version": "4.13.9",
      "resolved": "https://registry.npmjs.org/hono/-/hono-4.13.9.tgz",
      "integrity": "sha512-7dMkQmZoC4E6F7AtaQSPhlWAdnBti+j7rreMZl8QB4jFiEhP9TWbGWUMi8WYzBCgmgulxuvLQupKqo+Co6Omyg==",
      "license": "MIT",
      "engines": {
        "node": ">=16.9.0"
      }
    },
    "node_modules/is-fullwidth-code-point": {
      "version": "3.0.0",
      "resolved": "https://registry.npmjs.org/is-fullwidth-code-point/-/is-fullwidth-code-point-3.0.0.tgz",
      "integrity": "sha512-zymm5+u+sCsSWyD9qNaejV3DFvhCKclKdizYaJUuHA83RLjb7nSuGnddCHGv0hk+KY7BMAlsWeK4Ueg6EV6XQg==",
      "license": "MIT",
      "engines": {
        "node": ">=8"
      }
    },
    "node_modules/jose": {
      "version": "5.10.0",
      "resolved": "https://registry.npmjs.org/jose/-/jose-5.10.0.tgz",
      "integrity": "sha512-s+3Al/p9g32Iq+oqXxkW//7jk2Vig6FF1CFqzVXoTUXt2qz89YWbL+OwS17NFYEvxC35n0FKeGO2LGYSxeM2Gg==",
      "license": "MIT",
      "funding": {
        "url": "https://github.com/sponsors/panva"
      }
    },
    "node_modules/locate-path": {
      "version": "5.0.0",
      "resolved": "https://registry.npmjs.org/locate-path/-/locate-path-5.0.0.tgz",
      "integrity": "sha512-t7hw9pI+WvuwNJXwk5zVHpyhIqzg2qTlklJOf0mVxGSbe3Fp2VieZcduNYjaLDoy6p9uGpQEGWG87WpMKlNq8g==",
      "license": "MIT",
      "dependencies": {
        "p-locate": "^4.1.0"
      },
      "engines": {
        "node": ">=8"
      }
    },
    "node_modules/p-limit": {
      "version": "2.3.0",
      "resolved": "https://registry.npmjs.org/p-limit/-/p-limit-2.3.0.tgz",
      "integrity": "sha512-//88mFWSJx8lxCzwdAABTJL2MyWB12+eIY7MDL2SqLmAkeKU9qxRvWuSyTjm3FUmpBEMuFfckAIqEaVGUDxb6w==",
      "license": "MIT",
      "dependencies": {
        "p-try": "^2.0.0"
      },
      "engines": {
        "node": ">=6"
      },
      "funding": {
        "url": "https://github.com/sponsors/sindresorhus"
      }
    },
    "node_modules/p-locate": {
      "version": "4.1.0",
      "resolved": "https://registry.npmjs.org/p-locate/-/p-locate-4.1.0.tgz",
      "integrity": "sha512-R79ZZ/0wAxKGu3oYMlz8jy/kbhsNrS7SKZ7PxEHBgJ5+F2mtFW2fK2cOtBh1cHYkQsbzFV7I+EoRKe6Yt0oK7A==",
      "license": "MIT",
      "dependencies": {
        "p-limit": "^2.2.0"
      },
      "engines": {
        "node": ">=8"
      }
    },
    "node_modules/p-try": {
      "version": "2.2.0",
      "resolved": "https://registry.npmjs.org/p-try/-/p-try-2.2.0.tgz",
      "integrity": "sha512-R4nPAVTAU0B9D35/Gk3uJf/7XYbQcyohSKdvAxIRSNghFl4e71hVoGnBNQz9cWaXxO2I10KTC+3jMdvvoKw6dQ==",
      "license": "MIT",
      "engines": {
        "node": ">=6"
      }
    },
    "node_modules/path-exists": {
      "version": "4.0.0",
      "resolved": "https://registry.npmjs.org/path-exists/-/path-exists-4.0.0.tgz",
      "integrity": "sha512-ak9Qy5Q7jYb2Wwcey5Fpvg2KoAc/ZIhLSLOSBmRmygPsGwkVVt0fZa0qrtMz+m6tJTAHfZQ8FnmB4MG4LWy7/w==",
      "license": "MIT",
      "engines": {
        "node": ">=8"
      }
    },
    "node_modules/pngjs": {
      "version": "5.0.0",
      "resolved": "https://registry.npmjs.org/pngjs/-/pngjs-5.0.0.tgz",
      "integrity": "sha512-40QW5YalBNfQo5yRYmiw7Yz6TKKVr3h6970B2YE+3fQpsWcrbj1PzJgxeJ19DRQjhMbKPIuMY8rFaXc8moolVw==",
      "license": "MIT",
      "engines": {
        "node": ">=10.13.0"
      }
    },
    "node_modules/postgres": {
      "version": "3.4.9",
      "resolved": "https://registry.npmjs.org/postgres/-/postgres-3.4.9.tgz",
      "integrity": "sha512-GD3qdB0x1z9xgFI6cdRD6xu2Sp2WCOEoe3mtnyB5Ee0XrrL5Pe+e4CCnJrRMnL1zYtRDZmQQVbvOttLnKDLnaw==",
      "license": "Unlicense",
      "engines": {
        "node": ">=12"
      },
      "funding": {
        "type": "individual",
        "url": "https://github.com/sponsors/porsager"
      }
    },
    "node_modules/qrcode": {
      "version": "1.5.4",
      "resolved": "https://registry.npmjs.org/qrcode/-/qrcode-1.5.4.tgz",
      "integrity": "sha512-1ca71Zgiu6ORjHqFBDpnSMTR2ReToX4l1Au1VFLyVeBTFavzQnv5JxMFr3ukHVKpSrSA2MCk0lNJSykjUfz7Zg==",
      "license": "MIT",
      "dependencies": {
        "dijkstrajs": "^1.0.1",
        "pngjs": "^5.0.0",
        "yargs": "^15.3.1"
      },
      "bin": {
        "qrcode": "bin/qrcode"
      },
      "engines": {
        "node": ">=10.13.0"
      }
    },
    "node_modules/require-directory": {
      "version": "2.1.1",
      "resolved": "https://registry.npmjs.org/require-directory/-/require-directory-2.1.1.tgz",
      "integrity": "sha512-fGxEI7+wsG9xrvdjsrlmL22OMTTiHRwAMroiEeMgq8gzoLC/PQr7RsRDSTLUg/bZAZtF+TVIkHc6/4RIKrui+Q==",
      "license": "MIT",
      "engines": {
        "node": ">=0.10.0"
      }
    },
    "node_modules/require-main-filename": {
      "version": "2.0.0",
      "resolved": "https://registry.npmjs.org/require-main-filename/-/require-main-filename-2.0.0.tgz",
      "integrity": "sha512-NKN5kMDylKuldxYLSUfrbo5Tuzh4hd+2E8NPPX02mZtn1VuREQToYe/ZdlJy+J3uCpfaiGF05e7B8W0iXbQHmg==",
      "license": "ISC"
    },
    "node_modules/set-blocking": {
      "version": "2.0.0",
      "resolved": "https://registry.npmjs.org/set-blocking/-/set-blocking-2.0.0.tgz",
      "integrity": "sha512-KiKBS8AnWGEyLzofFfmvKwpdPzqiy16LvQfK3yv/fVH7Bj13/wl3JSR1J+rfgRE9q7xUJK4qvgS8raSOeLUehw==",
      "license": "ISC"
    },
    "node_modules/string-width": {
      "version": "4.2.3",
      "resolved": "https://registry.npmjs.org/string-width/-/string-width-4.2.3.tgz",
      "integrity": "sha512-wKyQRQpjJ0sIp62ErSZdGsjMJWsap5oRNihHhu6G7JVO/9jIB6UyevL+tXuOqrng8j/cxKTWyWUwvSTriiZz/g==",
      "license": "MIT",
      "dependencies": {
        "emoji-regex": "^8.0.0",
        "is-fullwidth-code-point": "^3.0.0",
        "strip-ansi": "^6.0.1"
      },
      "engines": {
        "node": ">=8"
      }
    },
    "node_modules/strip-ansi": {
      "version": "6.0.1",
      "resolved": "https://registry.npmjs.org/strip-ansi/-/strip-ansi-6.0.1.tgz",
      "integrity": "sha512-Y38VPSHcqkFrCpFnQ9vuSXmquuv5oXOKpGeT6aGrr3o3Gc9AlVa6JBfUSOCnbxGGZF+/0ooI7KrPuUSztUdU5A==",
      "license": "MIT",
      "dependencies": {
        "ansi-regex": "^5.0.1"
      },
      "engines": {
        "node": ">=8"
      }
    },
    "node_modules/undici-types": {
      "version": "8.9.0",
      "resolved": "https://registry.npmjs.org/undici-types/-/undici-types-8.9.0.tgz",
      "integrity": "sha512-KTDyRTYX8sWmKXAikPHHSyc63CRPETMctyjKFupcC6OBLXT3xsN0e9aF7m+mIXutFWpUXuedtowG7iLOzp0kQg==",
      "dev": true,
      "license": "MIT"
    },
    "node_modules/which-module": {
      "version": "2.0.1",
      "resolved": "https://registry.npmjs.org/which-module/-/which-module-2.0.1.tgz",
      "integrity": "sha512-iBdZ57RDvnOR9AGBhML2vFZf7h8vmBjhoaZqODJBFWHVtKkDmKuHai3cx5PgVMrX5YDNp27AofYbAwctSS+vhQ==",
      "license": "ISC"
    },
    "node_modules/wrap-ansi": {
      "version": "6.2.0",
      "resolved": "https://registry.npmjs.org/wrap-ansi/-/wrap-ansi-6.2.0.tgz",
      "integrity": "sha512-r6lPcBGxZXlIcymEu7InxDMhdW0KDxpLgoFLcguasxCaJ/SOIZwINatK9KY/tf+ZrlywOKU0UDj3ATXUBfxJXA==",
      "license": "MIT",
      "dependencies": {
        "ansi-styles": "^4.0.0",
        "string-width": "^4.1.0",
        "strip-ansi": "^6.0.0"
      },
      "engines": {
        "node": ">=8"
      }
    },
    "node_modules/y18n": {
      "version": "4.0.3",
      "resolved": "https://registry.npmjs.org/y18n/-/y18n-4.0.3.tgz",
      "integrity": "sha512-JKhqTOwSrqNA1NY5lSztJ1GrBiUodLMmIZuLiDaMRJ+itFd+ABVE8XBjOvIWL+rSqNDC74LCSFmlb/U4UZ4hJQ==",
      "license": "ISC"
    },
    "node_modules/yargs": {
      "version": "15.4.1",
      "resolved": "https://registry.npmjs.org/yargs/-/yargs-15.4.1.tgz",
      "integrity": "sha512-aePbxDmcYW++PaqBsJ+HYUFwCdv4LVvdnhBy78E57PIor8/OVvhMrADFFEDh8DHDFRv/O9i3lPhsENjO7QX0+A==",
      "license": "MIT",
      "dependencies": {
        "cliui": "^6.0.0",
        "decamelize": "^1.2.0",
        "find-up": "^4.1.0",
        "get-caller-file": "^2.0.1",
        "require-directory": "^2.1.1",
        "require-main-filename": "^2.0.0",
        "set-blocking": "^2.0.0",
        "string-width": "^4.2.0",
        "which-module": "^2.0.0",
        "y18n": "^4.0.0",
        "yargs-parser": "^18.1.2"
      },
      "engines": {
        "node": ">=8"
      }
    },
    "node_modules/yargs-parser": {
      "version": "18.1.3",
      "resolved": "https://registry.npmjs.org/yargs-parser/-/yargs-parser-18.1.3.tgz",
      "integrity": "sha512-o50j0JeToy/4K6OZcaQmW6lyXXKhq7csREXcDwk2omFPJEwUNOVtJKvmDr9EI1fAJZUyZcRF7kxGBWmRXudrCQ==",
      "license": "ISC",
      "dependencies": {
        "camelcase": "^5.0.0",
        "decamelize": "^1.2.0"
      },
      "engines": {
        "node": ">=6"
      }
    }
  }
}
